# THIS IS AN AUTOGENERATED FILE. DO NOT EDIT THIS FILE DIRECTLY.
# yarn lockfile v1


"@types/node@^18.7.22":
  version "18.7.22"
  resolved "https://registry.yarnpkg.com/@types/node/-/node-18.7.22.tgz#76f7401362ad63d9d7eefa7dcdfa5fcd9baddff3"
  integrity sha512-TsmoXYd4zrkkKjJB0URF/mTIKPl+kVcbqClB2F/ykU7vil1BfWZVndOnpEIozPv4fURD28gyPFeIkW2G+KXOvw==

typescript@^4.1.5:
  version "4.1.5"
  resolved "https://registry.yarnpkg.com/typescript/-/typescript-4.1.5.tgz#123a3b214aaff3be32926f0d8f1f6e704eb89a72"
  integrity sha512-6OSu9PTIzmn9TCDiovULTnET6BgXtDYL4Gg4szY+cGsc3JP1dQL8qvE8kShTRx1NIw4Q9IBHlwODjkjWEtMUyA==
